
Microsoft Visual Studio Solution File, Format Version 12.00
# Visual Studio Version 18
VisualStudioVersion = 18.0.11012.119
MinimumVisualStudioVersion = 10.0.40219.1
Project("{2150E333-8FDC-42A3-9474-1A3956D46DE8}") = "Solution Items", "Solution Items", "{02EA681E-C7D8-13C7-8484-4AC65E1B71E8}"
	ProjectSection(SolutionItems) = preProject
		Notes.txt = Notes.txt
		ProgrammingConcepts.txt = ProgrammingConcepts.txt
	EndProjectSection
EndProject
Project("{FAE04EC0-301F-11D3-BF4B-00C04F79EFBC}") = "Rftim8AdventOfCode", "Rftim8AdventOfCode\Rftim8AdventOfCode.csproj", "{778F55A6-3748-48AF-94A6-638A75B96A0C}"
EndProject
Project("{FAE04EC0-301F-11D3-BF4B-00C04F79EFBC}") = "Rftim8Convoy", "Rftim8Convoy\Rftim8Convoy.csproj", "{DFF56ED3-8AFB-4486-8276-2FE559BFB5B1}"
EndProject
Project("{FAE04EC0-301F-11D3-BF4B-00C04F79EFBC}") = "Rftim8Atlas", "Rftim8Atlas\Rftim8Atlas.csproj", "{6F899652-ED95-4FE3-B8D7-81F0E91A80D5}"
EndProject
Project("{FAE04EC0-301F-11D3-BF4B-00C04F79EFBC}") = "Rftim8LeetCode", "Rftim8LeetCode\Rftim8LeetCode.csproj", "{382A87F5-3699-4DFF-A7A4-347EEAA17BF9}"
EndProject
Project("{FAE04EC0-301F-11D3-BF4B-00C04F79EFBC}") = "Rftim8xUnitAdventOfCode", "Rftim8xUnitAdventOfCode\Rftim8xUnitAdventOfCode.csproj", "{840E121A-E33F-493D-BD95-3D2A7F01E9BE}"
EndProject
Project("{FAE04EC0-301F-11D3-BF4B-00C04F79EFBC}") = "Rftim8xUnitLeetCode", "Rftim8xUnitLeetCode\Rftim8xUnitLeetCode.csproj", "{CFC1886E-56A5-42F2-9825-29B66630B0E0}"
EndProject
Project("{FAE04EC0-301F-11D3-BF4B-00C04F79EFBC}") = "Rftim8xUnit", "Rftim8xUnit\Rftim8xUnit.csproj", "{38F7045D-590A-4256-BC2E-03CEF32DA7E5}"
EndProject
Project("{FAE04EC0-301F-11D3-BF4B-00C04F79EFBC}") = "Rftim8Trek", "Rftim8Trek\Rftim8Trek.csproj", "{C66E3E56-33D6-4B11-B522-AC2F166FD47D}"
EndProject
Project("{FAE04EC0-301F-11D3-BF4B-00C04F79EFBC}") = "Rftim8AtCoderJP", "Rftim8AtCoderJP\Rftim8AtCoderJP.csproj", "{2DC6FFFF-01A2-463B-A5D1-C6F6802DA8F8}"
EndProject
Project("{FAE04EC0-301F-11D3-BF4B-00C04F79EFBC}") = "Rftim8CodeForces", "Rftim8CodeForces\Rftim8CodeForces.csproj", "{8EAD49B4-158A-438E-A35E-4C244E8397A0}"
EndProject
Project("{FAE04EC0-301F-11D3-BF4B-00C04F79EFBC}") = "Rftim8CodinGame", "Rftim8CodinGame\Rftim8CodinGame.csproj", "{D60D348C-F55A-410C-BE5F-7260C3AAB8C2}"
EndProject
Project("{FAE04EC0-301F-11D3-BF4B-00C04F79EFBC}") = "Rftim8EverybodyCodes", "Rftim8EverybodyCodes\Rftim8EverybodyCodes.csproj", "{BAF521D9-2C24-4F27-BF16-A823BCED59D3}"
EndProject
Project("{FAE04EC0-301F-11D3-BF4B-00C04F79EFBC}") = "Rftim8Kaggle", "Rftim8Kaggle\Rftim8Kaggle.csproj", "{35A07F8E-BB42-4F2B-9EB8-38BB4D31AF4B}"
EndProject
Project("{FAE04EC0-301F-11D3-BF4B-00C04F79EFBC}") = "Rftim8Meta", "Rftim8Meta\Rftim8Meta.csproj", "{4278F559-0A9B-414A-9486-DA3F75565FBF}"
EndProject
Project("{FAE04EC0-301F-11D3-BF4B-00C04F79EFBC}") = "Rftim8ProjectEuler", "Rftim8ProjectEuler\Rftim8ProjectEuler.csproj", "{90435CE7-2B7D-41A2-9CE1-F4036C0BE0EB}"
EndProject
Project("{FAE04EC0-301F-11D3-BF4B-00C04F79EFBC}") = "Rftim8CrystalPeak", "Rftim8CrystalPeak\Rftim8CrystalPeak.csproj", "{6F7A5E1F-0191-4F51-9C7B-BF6000E5E142}"
EndProject
Project("{FAE04EC0-301F-11D3-BF4B-00C04F79EFBC}") = "Rftim8MSTestLeetCode", "Rftim8MSTestLeetCode\Rftim8MSTestLeetCode.csproj", "{2F0E7F6A-BC48-46FD-B813-5A14C1A46D39}"
EndProject
Project("{FAE04EC0-301F-11D3-BF4B-00C04F79EFBC}") = "Rftim8MSTestAdventOfCode", "Rftim8MSTestAdventOfCode\Rftim8MSTestAdventOfCode.csproj", "{A90546E8-B9F6-4327-8447-867C04100422}"
EndProject
Project("{FAE04EC0-301F-11D3-BF4B-00C04F79EFBC}") = "Rftim8MSTestAtcoderJP", "Rftim8MSTestAtcoderJP\Rftim8MSTestAtcoderJP.csproj", "{B90CF65D-FD3A-4414-93FF-8DA258732914}"
EndProject
Project("{FAE04EC0-301F-11D3-BF4B-00C04F79EFBC}") = "Rftim8MSTestCodeForces", "Rftim8MSTestCodeForces\Rftim8MSTestCodeForces.csproj", "{6D4CA223-BE67-43E2-8340-A27AE33C1430}"
EndProject
Project("{FAE04EC0-301F-11D3-BF4B-00C04F79EFBC}") = "Rftim8MSTestCodinGame", "Rftim8MSTestCodinGame\Rftim8MSTestCodinGame.csproj", "{D5701760-28FE-46DB-92ED-4955A81A11C6}"
EndProject
Project("{FAE04EC0-301F-11D3-BF4B-00C04F79EFBC}") = "Rftim8MSTestEverybodyCodes", "Rftim8MSTestEverybodyCodes\Rftim8MSTestEverybodyCodes.csproj", "{47EB38E8-527F-4F8B-AA0B-EFE130CA994F}"
EndProject
Project("{FAE04EC0-301F-11D3-BF4B-00C04F79EFBC}") = "Rftim8MSTestKaggle", "Rftim8MSTestKaggle\Rftim8MSTestKaggle.csproj", "{A37B703E-291E-42AB-9933-5B42C0F55869}"
EndProject
Project("{FAE04EC0-301F-11D3-BF4B-00C04F79EFBC}") = "Rftim8MSTestMeta", "Rftim8MSTestMeta\Rftim8MSTestMeta.csproj", "{71C27882-9C21-400A-A65C-9B07A68E0682}"
EndProject
Project("{FAE04EC0-301F-11D3-BF4B-00C04F79EFBC}") = "Rftim8MSTestProjectEuler", "Rftim8MSTestProjectEuler\Rftim8MSTestProjectEuler.csproj", "{B4D7DB46-7384-4A15-8A06-C6623AAD81EB}"
EndProject
Project("{FAE04EC0-301F-11D3-BF4B-00C04F79EFBC}") = "Rftim8Tracer", "Rftim8Tracer\Rftim8Tracer.csproj", "{26FDB26B-EAE0-47DD-8518-0DE692A238F6}"
EndProject
Global
	GlobalSection(SolutionConfigurationPlatforms) = preSolution
		Debug|Any CPU = Debug|Any CPU
		Release|Any CPU = Release|Any CPU
	EndGlobalSection
	GlobalSection(ProjectConfigurationPlatforms) = postSolution
		{778F55A6-3748-48AF-94A6-638A75B96A0C}.Debug|Any CPU.ActiveCfg = Debug|Any CPU
		{778F55A6-3748-48AF-94A6-638A75B96A0C}.Debug|Any CPU.Build.0 = Debug|Any CPU
		{778F55A6-3748-48AF-94A6-638A75B96A0C}.Release|Any CPU.ActiveCfg = Release|Any CPU
		{778F55A6-3748-48AF-94A6-638A75B96A0C}.Release|Any CPU.Build.0 = Release|Any CPU
		{DFF56ED3-8AFB-4486-8276-2FE559BFB5B1}.Debug|Any CPU.ActiveCfg = Debug|Any CPU
		{DFF56ED3-8AFB-4486-8276-2FE559BFB5B1}.Debug|Any CPU.Build.0 = Debug|Any CPU
		{DFF56ED3-8AFB-4486-8276-2FE559BFB5B1}.Release|Any CPU.ActiveCfg = Release|Any CPU
		{DFF56ED3-8AFB-4486-8276-2FE559BFB5B1}.Release|Any CPU.Build.0 = Release|Any CPU
		{6F899652-ED95-4FE3-B8D7-81F0E91A80D5}.Debug|Any CPU.ActiveCfg = Debug|Any CPU
		{6F899652-ED95-4FE3-B8D7-81F0E91A80D5}.Debug|Any CPU.Build.0 = Debug|Any CPU
		{6F899652-ED95-4FE3-B8D7-81F0E91A80D5}.Release|Any CPU.ActiveCfg = Release|Any CPU
		{6F899652-ED95-4FE3-B8D7-81F0E91A80D5}.Release|Any CPU.Build.0 = Release|Any CPU
		{382A87F5-3699-4DFF-A7A4-347EEAA17BF9}.Debug|Any CPU.ActiveCfg = Debug|Any CPU
		{382A87F5-3699-4DFF-A7A4-347EEAA17BF9}.Debug|Any CPU.Build.0 = Debug|Any CPU
		{382A87F5-3699-4DFF-A7A4-347EEAA17BF9}.Release|Any CPU.ActiveCfg = Release|Any CPU
		{382A87F5-3699-4DFF-A7A4-347EEAA17BF9}.Release|Any CPU.Build.0 = Release|Any CPU
		{840E121A-E33F-493D-BD95-3D2A7F01E9BE}.Debug|Any CPU.ActiveCfg = Debug|Any CPU
		{840E121A-E33F-493D-BD95-3D2A7F01E9BE}.Debug|Any CPU.Build.0 = Debug|Any CPU
		{840E121A-E33F-493D-BD95-3D2A7F01E9BE}.Release|Any CPU.ActiveCfg = Release|Any CPU
		{840E121A-E33F-493D-BD95-3D2A7F01E9BE}.Release|Any CPU.Build.0 = Release|Any CPU
		{CFC1886E-56A5-42F2-9825-29B66630B0E0}.Debug|Any CPU.ActiveCfg = Debug|Any CPU
		{CFC1886E-56A5-42F2-9825-29B66630B0E0}.Debug|Any CPU.Build.0 = Debug|Any CPU
		{CFC1886E-56A5-42F2-9825-29B66630B0E0}.Release|Any CPU.ActiveCfg = Release|Any CPU
		{CFC1886E-56A5-42F2-9825-29B66630B0E0}.Release|Any CPU.Build.0 = Release|Any CPU
		{38F7045D-590A-4256-BC2E-03CEF32DA7E5}.Debug|Any CPU.ActiveCfg = Debug|Any CPU
		{38F7045D-590A-4256-BC2E-03CEF32DA7E5}.Debug|Any CPU.Build.0 = Debug|Any CPU
		{38F7045D-590A-4256-BC2E-03CEF32DA7E5}.Release|Any CPU.ActiveCfg = Release|Any CPU
		{38F7045D-590A-4256-BC2E-03CEF32DA7E5}.Release|Any CPU.Build.0 = Release|Any CPU
		{C66E3E56-33D6-4B11-B522-AC2F166FD47D}.Debug|Any CPU.ActiveCfg = Debug|Any CPU
		{C66E3E56-33D6-4B11-B522-AC2F166FD47D}.Debug|Any CPU.Build.0 = Debug|Any CPU
		{C66E3E56-33D6-4B11-B522-AC2F166FD47D}.Release|Any CPU.ActiveCfg = Release|Any CPU
		{C66E3E56-33D6-4B11-B522-AC2F166FD47D}.Release|Any CPU.Build.0 = Release|Any CPU
		{2DC6FFFF-01A2-463B-A5D1-C6F6802DA8F8}.Debug|Any CPU.ActiveCfg = Debug|Any CPU
		{2DC6FFFF-01A2-463B-A5D1-C6F6802DA8F8}.Debug|Any CPU.Build.0 = Debug|Any CPU
		{2DC6FFFF-01A2-463B-A5D1-C6F6802DA8F8}.Release|Any CPU.ActiveCfg = Release|Any CPU
		{2DC6FFFF-01A2-463B-A5D1-C6F6802DA8F8}.Release|Any CPU.Build.0 = Release|Any CPU
		{8EAD49B4-158A-438E-A35E-4C244E8397A0}.Debug|Any CPU.ActiveCfg = Debug|Any CPU
		{8EAD49B4-158A-438E-A35E-4C244E8397A0}.Debug|Any CPU.Build.0 = Debug|Any CPU
		{8EAD49B4-158A-438E-A35E-4C244E8397A0}.Release|Any CPU.ActiveCfg = Release|Any CPU
		{8EAD49B4-158A-438E-A35E-4C244E8397A0}.Release|Any CPU.Build.0 = Release|Any CPU
		{D60D348C-F55A-410C-BE5F-7260C3AAB8C2}.Debug|Any CPU.ActiveCfg = Debug|Any CPU
		{D60D348C-F55A-410C-BE5F-7260C3AAB8C2}.Debug|Any CPU.Build.0 = Debug|Any CPU
		{D60D348C-F55A-410C-BE5F-7260C3AAB8C2}.Release|Any CPU.ActiveCfg = Release|Any CPU
		{D60D348C-F55A-410C-BE5F-7260C3AAB8C2}.Release|Any CPU.Build.0 = Release|Any CPU
		{BAF521D9-2C24-4F27-BF16-A823BCED59D3}.Debug|Any CPU.ActiveCfg = Debug|Any CPU
		{BAF521D9-2C24-4F27-BF16-A823BCED59D3}.Debug|Any CPU.Build.0 = Debug|Any CPU
		{BAF521D9-2C24-4F27-BF16-A823BCED59D3}.Release|Any CPU.ActiveCfg = Release|Any CPU
		{BAF521D9-2C24-4F27-BF16-A823BCED59D3}.Release|Any CPU.Build.0 = Release|Any CPU
		{35A07F8E-BB42-4F2B-9EB8-38BB4D31AF4B}.Debug|Any CPU.ActiveCfg = Debug|Any CPU
		{35A07F8E-BB42-4F2B-9EB8-38BB4D31AF4B}.Debug|Any CPU.Build.0 = Debug|Any CPU
		{35A07F8E-BB42-4F2B-9EB8-38BB4D31AF4B}.Release|Any CPU.ActiveCfg = Release|Any CPU
		{35A07F8E-BB42-4F2B-9EB8-38BB4D31AF4B}.Release|Any CPU.Build.0 = Release|Any CPU
		{4278F559-0A9B-414A-9486-DA3F75565FBF}.Debug|Any CPU.ActiveCfg = Debug|Any CPU
		{4278F559-0A9B-414A-9486-DA3F75565FBF}.Debug|Any CPU.Build.0 = Debug|Any CPU
		{4278F559-0A9B-414A-9486-DA3F75565FBF}.Release|Any CPU.ActiveCfg = Release|Any CPU
		{4278F559-0A9B-414A-9486-DA3F75565FBF}.Release|Any CPU.Build.0 = Release|Any CPU
		{90435CE7-2B7D-41A2-9CE1-F4036C0BE0EB}.Debug|Any CPU.ActiveCfg = Debug|Any CPU
		{90435CE7-2B7D-41A2-9CE1-F4036C0BE0EB}.Debug|Any CPU.Build.0 = Debug|Any CPU
		{90435CE7-2B7D-41A2-9CE1-F4036C0BE0EB}.Release|Any CPU.ActiveCfg = Release|Any CPU
		{90435CE7-2B7D-41A2-9CE1-F4036C0BE0EB}.Release|Any CPU.Build.0 = Release|Any CPU
		{6F7A5E1F-0191-4F51-9C7B-BF6000E5E142}.Debug|Any CPU.ActiveCfg = Debug|Any CPU
		{6F7A5E1F-0191-4F51-9C7B-BF6000E5E142}.Debug|Any CPU.Build.0 = Debug|Any CPU
		{6F7A5E1F-0191-4F51-9C7B-BF6000E5E142}.Release|Any CPU.ActiveCfg = Release|Any CPU
		{6F7A5E1F-0191-4F51-9C7B-BF6000E5E142}.Release|Any CPU.Build.0 = Release|Any CPU
		{2F0E7F6A-BC48-46FD-B813-5A14C1A46D39}.Debug|Any CPU.ActiveCfg = Debug|Any CPU
		{2F0E7F6A-BC48-46FD-B813-5A14C1A46D39}.Debug|Any CPU.Build.0 = Debug|Any CPU
		{2F0E7F6A-BC48-46FD-B813-5A14C1A46D39}.Release|Any CPU.ActiveCfg = Release|Any CPU
		{2F0E7F6A-BC48-46FD-B813-5A14C1A46D39}.Release|Any CPU.Build.0 = Release|Any CPU
		{A90546E8-B9F6-4327-8447-867C04100422}.Debug|Any CPU.ActiveCfg = Debug|Any CPU
		{A90546E8-B9F6-4327-8447-867C04100422}.Debug|Any CPU.Build.0 = Debug|Any CPU
		{A90546E8-B9F6-4327-8447-867C04100422}.Release|Any CPU.ActiveCfg = Release|Any CPU
		{A90546E8-B9F6-4327-8447-867C04100422}.Release|Any CPU.Build.0 = Release|Any CPU
		{B90CF65D-FD3A-4414-93FF-8DA258732914}.Debug|Any CPU.ActiveCfg = Debug|Any CPU
		{B90CF65D-FD3A-4414-93FF-8DA258732914}.Debug|Any CPU.Build.0 = Debug|Any CPU
		{B90CF65D-FD3A-4414-93FF-8DA258732914}.Release|Any CPU.ActiveCfg = Release|Any CPU
		{B90CF65D-FD3A-4414-93FF-8DA258732914}.Release|Any CPU.Build.0 = Release|Any CPU
		{6D4CA223-BE67-43E2-8340-A27AE33C1430}.Debug|Any CPU.ActiveCfg = Debug|Any CPU
		{6D4CA223-BE67-43E2-8340-A27AE33C1430}.Debug|Any CPU.Build.0 = Debug|Any CPU
		{6D4CA223-BE67-43E2-8340-A27AE33C1430}.Release|Any CPU.ActiveCfg = Release|Any CPU
		{6D4CA223-BE67-43E2-8340-A27AE33C1430}.Release|Any CPU.Build.0 = Release|Any CPU
		{D5701760-28FE-46DB-92ED-4955A81A11C6}.Debug|Any CPU.ActiveCfg = Debug|Any CPU
		{D5701760-28FE-46DB-92ED-4955A81A11C6}.Debug|Any CPU.Build.0 = Debug|Any CPU
		{D5701760-28FE-46DB-92ED-4955A81A11C6}.Release|Any CPU.ActiveCfg = Release|Any CPU
		{D5701760-28FE-46DB-92ED-4955A81A11C6}.Release|Any CPU.Build.0 = Release|Any CPU
		{47EB38E8-527F-4F8B-AA0B-EFE130CA994F}.Debug|Any CPU.ActiveCfg = Debug|Any CPU
		{47EB38E8-527F-4F8B-AA0B-EFE130CA994F}.Debug|Any CPU.Build.0 = Debug|Any CPU
		{47EB38E8-527F-4F8B-AA0B-EFE130CA994F}.Release|Any CPU.ActiveCfg = Release|Any CPU
		{47EB38E8-527F-4F8B-AA0B-EFE130CA994F}.Release|Any CPU.Build.0 = Release|Any CPU
		{A37B703E-291E-42AB-9933-5B42C0F55869}.Debug|Any CPU.ActiveCfg = Debug|Any CPU
		{A37B703E-291E-42AB-9933-5B42C0F55869}.Debug|Any CPU.Build.0 = Debug|Any CPU
		{A37B703E-291E-42AB-9933-5B42C0F55869}.Release|Any CPU.ActiveCfg = Release|Any CPU
		{A37B703E-291E-42AB-9933-5B42C0F55869}.Release|Any CPU.Build.0 = Release|Any CPU
		{71C27882-9C21-400A-A65C-9B07A68E0682}.Debug|Any CPU.ActiveCfg = Debug|Any CPU
		{71C27882-9C21-400A-A65C-9B07A68E0682}.Debug|Any CPU.Build.0 = Debug|Any CPU
		{71C27882-9C21-400A-A65C-9B07A68E0682}.Release|Any CPU.ActiveCfg = Release|Any CPU
		{71C27882-9C21-400A-A65C-9B07A68E0682}.Release|Any CPU.Build.0 = Release|Any CPU
		{B4D7DB46-7384-4A15-8A06-C6623AAD81EB}.Debug|Any CPU.ActiveCfg = Debug|Any CPU
		{B4D7DB46-7384-4A15-8A06-C6623AAD81EB}.Debug|Any CPU.Build.0 = Debug|Any CPU
		{B4D7DB46-7384-4A15-8A06-C6623AAD81EB}.Release|Any CPU.ActiveCfg = Release|Any CPU
		{B4D7DB46-7384-4A15-8A06-C6623AAD81EB}.Release|Any CPU.Build.0 = Release|Any CPU
		{26FDB26B-EAE0-47DD-8518-0DE692A238F6}.Debug|Any CPU.ActiveCfg = Debug|Any CPU
		{26FDB26B-EAE0-47DD-8518-0DE692A238F6}.Debug|Any CPU.Build.0 = Debug|Any CPU
		{26FDB26B-EAE0-47DD-8518-0DE692A238F6}.Release|Any CPU.ActiveCfg = Release|Any CPU
		{26FDB26B-EAE0-47DD-8518-0DE692A238F6}.Release|Any CPU.Build.0 = Release|Any CPU
	EndGlobalSection
	GlobalSection(SolutionProperties) = preSolution
		HideSolutionNode = FALSE
	EndGlobalSection
	GlobalSection(ExtensibilityGlobals) = postSolution
		SolutionGuid = {A67044BA-4849-49E2-B625-4B23BAB66455}
	EndGlobalSection
EndGlobal
