
Microsoft Visual Studio Solution File, Format Version 12.00
# Visual Studio Version 17
VisualStudioVersion = 17.14.36414.22 d17.14
MinimumVisualStudioVersion = 10.0.40219.1
Project("{FAE04EC0-301F-11D3-BF4B-00C04F79EFBC}") = "Rftim8CrystalPeak", "Rftim8CrystalPeak\Rftim8CrystalPeak.csproj", "{21EBEED0-9301-49F2-9226-9DDD0504E65F}"
EndProject
Global
	GlobalSection(SolutionConfigurationPlatforms) = preSolution
		Debug|Any CPU = Debug|Any CPU
		Release|Any CPU = Release|Any CPU
	EndGlobalSection
	GlobalSection(ProjectConfigurationPlatforms) = postSolution
		{21EBEED0-9301-49F2-9226-9DDD0504E65F}.Debug|Any CPU.ActiveCfg = Debug|Any CPU
		{21EBEED0-9301-49F2-9226-9DDD0504E65F}.Debug|Any CPU.Build.0 = Debug|Any CPU
		{21EBEED0-9301-49F2-9226-9DDD0504E65F}.Release|Any CPU.ActiveCfg = Release|Any CPU
		{21EBEED0-9301-49F2-9226-9DDD0504E65F}.Release|Any CPU.Build.0 = Release|Any CPU
	EndGlobalSection
	GlobalSection(SolutionProperties) = preSolution
		HideSolutionNode = FALSE
	EndGlobalSection
	GlobalSection(ExtensibilityGlobals) = postSolution
		SolutionGuid = {A67044BA-4849-49E2-B625-4B23BAB66455}
	EndGlobalSection
EndGlobal
